
Microsoft Visual Studio Solution File, Format Version 12.00
# Visual Studio 15
VisualStudioVersion = 15.0.28010.2026
MinimumVisualStudioVersion = 10.0.40219.1
Project("{2150E333-8FDC-42A3-9474-1A3956D46DE8}") = "1-MVC", "1-MVC", "{42867E37-57CD-45EF-8E60-6A7A1032F383}"
EndProject
Project("{FAE04EC0-301F-11D3-BF4B-00C04F79EFBC}") = "Interface", "Interface\Interface.csproj", "{630787DD-C6A7-4572-A79A-E9E4F9A8CCBA}"
EndProject
Global
	GlobalSection(SolutionConfigurationPlatforms) = preSolution
		Debug|Any CPU = Debug|Any CPU
		Release|Any CPU = Release|Any CPU
	EndGlobalSection
	GlobalSection(ProjectConfigurationPlatforms) = postSolution
		{630787DD-C6A7-4572-A79A-E9E4F9A8CCBA}.Debug|Any CPU.ActiveCfg = Debug|Any CPU
		{630787DD-C6A7-4572-A79A-E9E4F9A8CCBA}.Debug|Any CPU.Build.0 = Debug|Any CPU
		{630787DD-C6A7-4572-A79A-E9E4F9A8CCBA}.Release|Any CPU.ActiveCfg = Release|Any CPU
		{630787DD-C6A7-4572-A79A-E9E4F9A8CCBA}.Release|Any CPU.Build.0 = Release|Any CPU
	EndGlobalSection
	GlobalSection(SolutionProperties) = preSolution
		HideSolutionNode = FALSE
	EndGlobalSection
	GlobalSection(NestedProjects) = preSolution
		{630787DD-C6A7-4572-A79A-E9E4F9A8CCBA} = {42867E37-57CD-45EF-8E60-6A7A1032F383}
	EndGlobalSection
	GlobalSection(ExtensibilityGlobals) = postSolution
		SolutionGuid = {0610AD46-46C8-4737-94F9-CB88770CB463}
	EndGlobalSection
EndGlobal
